
Microsoft Visual Studio Solution File, Format Version 12.00
# Visual Studio Version 17
VisualStudioVersion = 17.4.33205.214
MinimumVisualStudioVersion = 10.0.40219.1
Project("{FAE04EC0-301F-11D3-BF4B-00C04F79EFBC}") = "InheritanceLibrary", "InheritanceLibrary.csproj", "{14D8728F-D25F-4B97-80B1-E25CB961DFD5}"
EndProject
Project("{FAE04EC0-301F-11D3-BF4B-00C04F79EFBC}") = "InheritanceExample", "..\InheritanceExample\InheritanceExample.csproj", "{031E9564-4A7F-4D09-BBFF-2ECE2B5DABA2}"
EndProject
Project("{FAE04EC0-301F-11D3-BF4B-00C04F79EFBC}") = "TypesOfParameters", "..\TypesOfParameters\TypesOfParameters.csproj", "{2651867E-3490-4528-BE29-2FECFE473446}"
EndProject
Global
	GlobalSection(SolutionConfigurationPlatforms) = preSolution
		Debug|Any CPU = Debug|Any CPU
		Release|Any CPU = Release|Any CPU
	EndGlobalSection
	GlobalSection(ProjectConfigurationPlatforms) = postSolution
		{14D8728F-D25F-4B97-80B1-E25CB961DFD5}.Debug|Any CPU.ActiveCfg = Debug|Any CPU
		{14D8728F-D25F-4B97-80B1-E25CB961DFD5}.Debug|Any CPU.Build.0 = Debug|Any CPU
		{14D8728F-D25F-4B97-80B1-E25CB961DFD5}.Release|Any CPU.ActiveCfg = Release|Any CPU
		{14D8728F-D25F-4B97-80B1-E25CB961DFD5}.Release|Any CPU.Build.0 = Release|Any CPU
		{031E9564-4A7F-4D09-BBFF-2ECE2B5DABA2}.Debug|Any CPU.ActiveCfg = Debug|Any CPU
		{031E9564-4A7F-4D09-BBFF-2ECE2B5DABA2}.Debug|Any CPU.Build.0 = Debug|Any CPU
		{031E9564-4A7F-4D09-BBFF-2ECE2B5DABA2}.Release|Any CPU.ActiveCfg = Release|Any CPU
		{031E9564-4A7F-4D09-BBFF-2ECE2B5DABA2}.Release|Any CPU.Build.0 = Release|Any CPU
		{2651867E-3490-4528-BE29-2FECFE473446}.Debug|Any CPU.ActiveCfg = Debug|Any CPU
		{2651867E-3490-4528-BE29-2FECFE473446}.Debug|Any CPU.Build.0 = Debug|Any CPU
		{2651867E-3490-4528-BE29-2FECFE473446}.Release|Any CPU.ActiveCfg = Release|Any CPU
		{2651867E-3490-4528-BE29-2FECFE473446}.Release|Any CPU.Build.0 = Release|Any CPU
	EndGlobalSection
	GlobalSection(SolutionProperties) = preSolution
		HideSolutionNode = FALSE
	EndGlobalSection
	GlobalSection(ExtensibilityGlobals) = postSolution
		SolutionGuid = {E6532B61-E8A7-4325-8F1D-D3538A5DD6D9}
	EndGlobalSection
EndGlobal
